// !$*UTF8*$!
{
	archiveVersion = 1;
	classes = {
	};
	objectVersion = 46;
	objects = {

/* Begin PBXBuildFile section */
		0C12834C1D177C8E00EDFB79 /* Track.swift in Sources */ = {isa = PBXBuildFile; fileRef = 0C12834B1D177C8E00EDFB79 /* Track.swift */; };
		0C2AD0291CD0795600A20EFE /* AppDelegate.swift in Sources */ = {isa = PBXBuildFile; fileRef = 0C2AD01B1CD0795600A20EFE /* AppDelegate.swift */; };
		0C2AD02A1CD0795600A20EFE /* Player.swift in Sources */ = {isa = PBXBuildFile; fileRef = 0C2AD01D1CD0795600A20EFE /* Player.swift */; };
		0C2AD02E1CD0795600A20EFE /* Error.swift in Sources */ = {isa = PBXBuildFile; fileRef = 0C2AD0231CD0795600A20EFE /* Error.swift */; };
		0C2AD02F1CD0795600A20EFE /* Semaphore.swift in Sources */ = {isa = PBXBuildFile; fileRef = 0C2AD0241CD0795600A20EFE /* Semaphore.swift */; };
		0C2AD0301CD0795600A20EFE /* StandardError.swift in Sources */ = {isa = PBXBuildFile; fileRef = 0C2AD0251CD0795600A20EFE /* StandardError.swift */; };
		0C2AD0311CD0795600A20EFE /* TVSupport.swift in Sources */ = {isa = PBXBuildFile; fileRef = 0C2AD0261CD0795600A20EFE /* TVSupport.swift */; };
		0C2AD0321CD0795600A20EFE /* ChannelCollectionViewCell.swift in Sources */ = {isa = PBXBuildFile; fileRef = 0C2AD0281CD0795600A20EFE /* ChannelCollectionViewCell.swift */; };
		0C2AD0341CD0796100A20EFE /* Channel.swift in Sources */ = {isa = PBXBuildFile; fileRef = 0C2AD0331CD0796100A20EFE /* Channel.swift */; };
		0C2AD0361CD0798100A20EFE /* ChannelFilter.swift in Sources */ = {isa = PBXBuildFile; fileRef = 0C2AD0351CD0798100A20EFE /* ChannelFilter.swift */; };
		0C2AD0381CD07A1D00A20EFE /* AudioAddictURL.swift in Sources */ = {isa = PBXBuildFile; fileRef = 0C2AD0371CD07A1D00A20EFE /* AudioAddictURL.swift */; };
		0C2AD03A1CD07C9A00A20EFE /* ChannelImage.swift in Sources */ = {isa = PBXBuildFile; fileRef = 0C2AD0391CD07C9A00A20EFE /* ChannelImage.swift */; };
		0C4301EF1CCFCB8200E4BEE7 /* Assets.xcassets in Resources */ = {isa = PBXBuildFile; fileRef = 0C4301EE1CCFCB8200E4BEE7 /* Assets.xcassets */; };
		0C7C530D1EED1976005588D9 /* AudioAddictServer.swift in Sources */ = {isa = PBXBuildFile; fileRef = 0CA349651CDEE60000765A46 /* AudioAddictServer.swift */; };
		0C7C530E1EED1976005588D9 /* Player.swift in Sources */ = {isa = PBXBuildFile; fileRef = 0C2AD01D1CD0795600A20EFE /* Player.swift */; };
		0C7C530F1EED1976005588D9 /* RemoteController.swift in Sources */ = {isa = PBXBuildFile; fileRef = 0CB7A6891CE5904D004EF016 /* RemoteController.swift */; };
		0C7C53131EED1A7C005588D9 /* ZANStreamPlayer.m in Sources */ = {isa = PBXBuildFile; fileRef = 0CAC95CF1D2B94560087E280 /* ZANStreamPlayer.m */; };
		0C7D25811D29C1B400FA7157 /* FFTProcessor.m in Sources */ = {isa = PBXBuildFile; fileRef = 0C7D257E1D29C1B400FA7157 /* FFTProcessor.m */; };
		0C7D25821D29C1B400FA7157 /* LowPassFilter.mm in Sources */ = {isa = PBXBuildFile; fileRef = 0C7D25801D29C1B400FA7157 /* LowPassFilter.mm */; };
		0C7D25841D29C1E300FA7157 /* VisualizationViewController.swift in Sources */ = {isa = PBXBuildFile; fileRef = 0C7D25831D29C1E300FA7157 /* VisualizationViewController.swift */; };
		0C7D25861D29C4BE00FA7157 /* 3DAssets.scnassets in Resources */ = {isa = PBXBuildFile; fileRef = 0C7D25851D29C4BE00FA7157 /* 3DAssets.scnassets */; };
		0CA349661CDEE60000765A46 /* AudioAddictServer.swift in Sources */ = {isa = PBXBuildFile; fileRef = 0CA349651CDEE60000765A46 /* AudioAddictServer.swift */; };
		0CA349681CDEE6C900765A46 /* BatchUpdate.swift in Sources */ = {isa = PBXBuildFile; fileRef = 0CA349671CDEE6C900765A46 /* BatchUpdate.swift */; };
		0CA3496A1CDEE6EB00765A46 /* Asset.swift in Sources */ = {isa = PBXBuildFile; fileRef = 0CA349691CDEE6EB00765A46 /* Asset.swift */; };
		0CA3496C1CDF12C000765A46 /* Event.swift in Sources */ = {isa = PBXBuildFile; fileRef = 0CA3496B1CDF12C000765A46 /* Event.swift */; };
		0CA3496E1CDF143300765A46 /* StreamSet.swift in Sources */ = {isa = PBXBuildFile; fileRef = 0CA3496D1CDF143300765A46 /* StreamSet.swift */; };
		0CA349701CDF148400765A46 /* StreamList.swift in Sources */ = {isa = PBXBuildFile; fileRef = 0CA3496F1CDF148400765A46 /* StreamList.swift */; };
		0CA349721CDF14AE00765A46 /* Stream.swift in Sources */ = {isa = PBXBuildFile; fileRef = 0CA349711CDF14AE00765A46 /* Stream.swift */; };
		0CAC95D01D2B94560087E280 /* ZANStreamPlayer.m in Sources */ = {isa = PBXBuildFile; fileRef = 0CAC95CF1D2B94560087E280 /* ZANStreamPlayer.m */; };
		0CAC95D21D3300E60087E280 /* UIColorAdditions.swift in Sources */ = {isa = PBXBuildFile; fileRef = 0CAC95D11D3300E60087E280 /* UIColorAdditions.swift */; };
		0CB0BAE21EECFDF000162EB4 /* main.swift in Sources */ = {isa = PBXBuildFile; fileRef = 0CB0BAE11EECFDF000162EB4 /* main.swift */; };
		0CB0BAE71EECFF0B00162EB4 /* Asset.swift in Sources */ = {isa = PBXBuildFile; fileRef = 0CA349691CDEE6EB00765A46 /* Asset.swift */; };
		0CB0BAE81EECFF0B00162EB4 /* AudioAddictURL.swift in Sources */ = {isa = PBXBuildFile; fileRef = 0C2AD0371CD07A1D00A20EFE /* AudioAddictURL.swift */; };
		0CB0BAE91EECFF0B00162EB4 /* AuthenticatedUser.swift in Sources */ = {isa = PBXBuildFile; fileRef = 0CDEB6E81CE047A400CC208A /* AuthenticatedUser.swift */; };
		0CB0BAEA1EECFF0B00162EB4 /* BatchUpdate.swift in Sources */ = {isa = PBXBuildFile; fileRef = 0CA349671CDEE6C900765A46 /* BatchUpdate.swift */; };
		0CB0BAEB1EECFF0B00162EB4 /* Channel.swift in Sources */ = {isa = PBXBuildFile; fileRef = 0C2AD0331CD0796100A20EFE /* Channel.swift */; };
		0CB0BAEC1EECFF0B00162EB4 /* ChannelImage.swift in Sources */ = {isa = PBXBuildFile; fileRef = 0C2AD0391CD07C9A00A20EFE /* ChannelImage.swift */; };
		0CB0BAED1EECFF0B00162EB4 /* ChannelFilter.swift in Sources */ = {isa = PBXBuildFile; fileRef = 0C2AD0351CD0798100A20EFE /* ChannelFilter.swift */; };
		0CB0BAEE1EECFF0B00162EB4 /* Event.swift in Sources */ = {isa = PBXBuildFile; fileRef = 0CA3496B1CDF12C000765A46 /* Event.swift */; };
		0CB0BAEF1EECFF0B00162EB4 /* Stream.swift in Sources */ = {isa = PBXBuildFile; fileRef = 0CA349711CDF14AE00765A46 /* Stream.swift */; };
		0CB0BAF01EECFF0B00162EB4 /* StreamList.swift in Sources */ = {isa = PBXBuildFile; fileRef = 0CA3496F1CDF148400765A46 /* StreamList.swift */; };
		0CB0BAF11EECFF0B00162EB4 /* StreamSet.swift in Sources */ = {isa = PBXBuildFile; fileRef = 0CA3496D1CDF143300765A46 /* StreamSet.swift */; };
		0CB0BAF31EECFF0B00162EB4 /* Track.swift in Sources */ = {isa = PBXBuildFile; fileRef = 0C12834B1D177C8E00EDFB79 /* Track.swift */; };
		0CB0BAF41EECFF1F00162EB4 /* FFTProcessor.m in Sources */ = {isa = PBXBuildFile; fileRef = 0C7D257E1D29C1B400FA7157 /* FFTProcessor.m */; };
		0CB0BAF51EECFF1F00162EB4 /* KeychainItemWrapper.m in Sources */ = {isa = PBXBuildFile; fileRef = 0CD7B3941CE45C0C00516C50 /* KeychainItemWrapper.m */; settings = {COMPILER_FLAGS = "-fno-objc-arc"; }; };
		0CB0BAF61EECFF1F00162EB4 /* LowPassFilter.mm in Sources */ = {isa = PBXBuildFile; fileRef = 0C7D25801D29C1B400FA7157 /* LowPassFilter.mm */; };
		0CB0BAF71EECFF3600162EB4 /* CredentialsStore.swift in Sources */ = {isa = PBXBuildFile; fileRef = 0CD7B3981CE4601000516C50 /* CredentialsStore.swift */; };
		0CB0BAF81EECFF3600162EB4 /* Error.swift in Sources */ = {isa = PBXBuildFile; fileRef = 0C2AD0231CD0795600A20EFE /* Error.swift */; };
		0CB0BAF91EECFF3600162EB4 /* NSDateAdditions.swift in Sources */ = {isa = PBXBuildFile; fileRef = 0CDEB6D41CDFB6C500CC208A /* NSDateAdditions.swift */; };
		0CB0BAFA1EECFF3600162EB4 /* Semaphore.swift in Sources */ = {isa = PBXBuildFile; fileRef = 0C2AD0241CD0795600A20EFE /* Semaphore.swift */; };
		0CB0BAFB1EECFF3600162EB4 /* Settings.swift in Sources */ = {isa = PBXBuildFile; fileRef = 0CE19AC51D44C18E009D9FA7 /* Settings.swift */; };
		0CB0BAFC1EECFF3600162EB4 /* StandardError.swift in Sources */ = {isa = PBXBuildFile; fileRef = 0C2AD0251CD0795600A20EFE /* StandardError.swift */; };
		0CB7A68A1CE5904D004EF016 /* RemoteController.swift in Sources */ = {isa = PBXBuildFile; fileRef = 0CB7A6891CE5904D004EF016 /* RemoteController.swift */; };
		0CD7B38B1CE4198300516C50 /* Theme.swift in Sources */ = {isa = PBXBuildFile; fileRef = 0CD7B38A1CE4198300516C50 /* Theme.swift */; };
		0CD7B38F1CE41C1200516C50 /* EnzoOT-Bold.ttf in Resources */ = {isa = PBXBuildFile; fileRef = 0CD7B38C1CE41C1200516C50 /* EnzoOT-Bold.ttf */; };
		0CD7B3901CE41C1200516C50 /* EnzoOT-Light.ttf in Resources */ = {isa = PBXBuildFile; fileRef = 0CD7B38D1CE41C1200516C50 /* EnzoOT-Light.ttf */; };
		0CD7B3911CE41C1200516C50 /* EnzoOT-Medium.ttf in Resources */ = {isa = PBXBuildFile; fileRef = 0CD7B38E1CE41C1200516C50 /* EnzoOT-Medium.ttf */; };
		0CD7B3951CE45C0C00516C50 /* KeychainItemWrapper.m in Sources */ = {isa = PBXBuildFile; fileRef = 0CD7B3941CE45C0C00516C50 /* KeychainItemWrapper.m */; settings = {COMPILER_FLAGS = "-fno-objc-arc"; }; };
		0CD7B3971CE45D2C00516C50 /* LoadingViewController.swift in Sources */ = {isa = PBXBuildFile; fileRef = 0CD7B3961CE45D2C00516C50 /* LoadingViewController.swift */; };
		0CD7B3991CE4601000516C50 /* CredentialsStore.swift in Sources */ = {isa = PBXBuildFile; fileRef = 0CD7B3981CE4601000516C50 /* CredentialsStore.swift */; };
		0CDEB6D51CDFB6C500CC208A /* NSDateAdditions.swift in Sources */ = {isa = PBXBuildFile; fileRef = 0CDEB6D41CDFB6C500CC208A /* NSDateAdditions.swift */; };
		0CDEB6D71CDFBBC400CC208A /* ChannelFilterViewController.swift in Sources */ = {isa = PBXBuildFile; fileRef = 0CDEB6D61CDFBBC400CC208A /* ChannelFilterViewController.swift */; };
		0CDEB6D91CDFBC9E00CC208A /* ChannelListViewController.swift in Sources */ = {isa = PBXBuildFile; fileRef = 0CDEB6D81CDFBC9E00CC208A /* ChannelListViewController.swift */; };
		0CDEB6DB1CE01DC200CC208A /* ChannelArtworkImageDataSource.swift in Sources */ = {isa = PBXBuildFile; fileRef = 0CDEB6DA1CE01DC200CC208A /* ChannelArtworkImageDataSource.swift */; };
		0CDEB6DD1CE03D7C00CC208A /* NowPlayingViewController.swift in Sources */ = {isa = PBXBuildFile; fileRef = 0CDEB6DC1CE03D7C00CC208A /* NowPlayingViewController.swift */; };
		0CDEB6E51CE044DE00CC208A /* Localizable.strings in Resources */ = {isa = PBXBuildFile; fileRef = 0CDEB6E41CE044DE00CC208A /* Localizable.strings */; };
		0CDEB6E91CE047A400CC208A /* AuthenticatedUser.swift in Sources */ = {isa = PBXBuildFile; fileRef = 0CDEB6E81CE047A400CC208A /* AuthenticatedUser.swift */; };
		0CDEB6EB1CE04E4800CC208A /* LoginViewController.swift in Sources */ = {isa = PBXBuildFile; fileRef = 0CDEB6EA1CE04E4800CC208A /* LoginViewController.swift */; };
		0CE19AC41D44A35B009D9FA7 /* SettingsViewController.swift in Sources */ = {isa = PBXBuildFile; fileRef = 0CE19AC31D44A35B009D9FA7 /* SettingsViewController.swift */; };
		0CE19AC61D44C18E009D9FA7 /* Settings.swift in Sources */ = {isa = PBXBuildFile; fileRef = 0CE19AC51D44C18E009D9FA7 /* Settings.swift */; };
/* End PBXBuildFile section */

/* Begin PBXCopyFilesBuildPhase section */
		0CB0BADD1EECFDF000162EB4 /* CopyFiles */ = {
			isa = PBXCopyFilesBuildPhase;
			buildActionMask = 2147483647;
			dstPath = /usr/share/man/man1/;
			dstSubfolderSpec = 0;
			files = (
			);
			runOnlyForDeploymentPostprocessing = 1;
		};
/* End PBXCopyFilesBuildPhase section */

/* Begin PBXFileReference section */
		0C12834B1D177C8E00EDFB79 /* Track.swift */ = {isa = PBXFileReference; fileEncoding = 4; lastKnownFileType = sourcecode.swift; lineEnding = 0; path = Track.swift; sourceTree = "<group>"; xcLanguageSpecificationIdentifier = xcode.lang.swift; };
		0C2AD01B1CD0795600A20EFE /* AppDelegate.swift */ = {isa = PBXFileReference; fileEncoding = 4; lastKnownFileType = sourcecode.swift; lineEnding = 0; path = AppDelegate.swift; sourceTree = "<group>"; xcLanguageSpecificationIdentifier = xcode.lang.swift; };
		0C2AD01D1CD0795600A20EFE /* Player.swift */ = {isa = PBXFileReference; fileEncoding = 4; lastKnownFileType = sourcecode.swift; lineEnding = 0; path = Player.swift; sourceTree = "<group>"; xcLanguageSpecificationIdentifier = xcode.lang.swift; };
		0C2AD0231CD0795600A20EFE /* Error.swift */ = {isa = PBXFileReference; fileEncoding = 4; lastKnownFileType = sourcecode.swift; lineEnding = 0; path = Error.swift; sourceTree = "<group>"; xcLanguageSpecificationIdentifier = xcode.lang.swift; };
		0C2AD0241CD0795600A20EFE /* Semaphore.swift */ = {isa = PBXFileReference; fileEncoding = 4; lastKnownFileType = sourcecode.swift; path = Semaphore.swift; sourceTree = "<group>"; };
		0C2AD0251CD0795600A20EFE /* StandardError.swift */ = {isa = PBXFileReference; fileEncoding = 4; lastKnownFileType = sourcecode.swift; path = StandardError.swift; sourceTree = "<group>"; };
		0C2AD0261CD0795600A20EFE /* TVSupport.swift */ = {isa = PBXFileReference; fileEncoding = 4; lastKnownFileType = sourcecode.swift; lineEnding = 0; path = TVSupport.swift; sourceTree = "<group>"; xcLanguageSpecificationIdentifier = xcode.lang.swift; };
		0C2AD0281CD0795600A20EFE /* ChannelCollectionViewCell.swift */ = {isa = PBXFileReference; fileEncoding = 4; lastKnownFileType = sourcecode.swift; lineEnding = 0; path = ChannelCollectionViewCell.swift; sourceTree = "<group>"; xcLanguageSpecificationIdentifier = xcode.lang.swift; };
		0C2AD0331CD0796100A20EFE /* Channel.swift */ = {isa = PBXFileReference; fileEncoding = 4; lastKnownFileType = sourcecode.swift; lineEnding = 0; path = Channel.swift; sourceTree = "<group>"; xcLanguageSpecificationIdentifier = xcode.lang.swift; };
		0C2AD0351CD0798100A20EFE /* ChannelFilter.swift */ = {isa = PBXFileReference; fileEncoding = 4; lastKnownFileType = sourcecode.swift; lineEnding = 0; path = ChannelFilter.swift; sourceTree = "<group>"; xcLanguageSpecificationIdentifier = xcode.lang.swift; };
		0C2AD0371CD07A1D00A20EFE /* AudioAddictURL.swift */ = {isa = PBXFileReference; fileEncoding = 4; lastKnownFileType = sourcecode.swift; lineEnding = 0; path = AudioAddictURL.swift; sourceTree = "<group>"; xcLanguageSpecificationIdentifier = xcode.lang.swift; };
		0C2AD0391CD07C9A00A20EFE /* ChannelImage.swift */ = {isa = PBXFileReference; fileEncoding = 4; lastKnownFileType = sourcecode.swift; lineEnding = 0; path = ChannelImage.swift; sourceTree = "<group>"; xcLanguageSpecificationIdentifier = xcode.lang.swift; };
		0C4301E41CCFCB8200E4BEE7 /* di.fm.app */ = {isa = PBXFileReference; explicitFileType = wrapper.application; includeInIndex = 0; path = di.fm.app; sourceTree = BUILT_PRODUCTS_DIR; };
		0C4301EE1CCFCB8200E4BEE7 /* Assets.xcassets */ = {isa = PBXFileReference; lastKnownFileType = folder.assetcatalog; path = Assets.xcassets; sourceTree = "<group>"; };
		0C4301F01CCFCB8200E4BEE7 /* Info.plist */ = {isa = PBXFileReference; lastKnownFileType = text.plist.xml; path = Info.plist; sourceTree = "<group>"; };
		0C7C53111EED19DC005588D9 /* AVFoundation.framework */ = {isa = PBXFileReference; lastKnownFileType = wrapper.framework; name = AVFoundation.framework; path = Platforms/MacOSX.platform/Developer/SDKs/MacOSX10.12.sdk/System/Library/Frameworks/AVFoundation.framework; sourceTree = DEVELOPER_DIR; };
		0C7C53141EED20CA005588D9 /* CLI.xcconfig */ = {isa = PBXFileReference; lastKnownFileType = text.xcconfig; path = CLI.xcconfig; sourceTree = "<group>"; };
		0C7D257D1D29C1B400FA7157 /* FFTProcessor.h */ = {isa = PBXFileReference; fileEncoding = 4; lastKnownFileType = sourcecode.c.h; lineEnding = 0; path = FFTProcessor.h; sourceTree = "<group>"; xcLanguageSpecificationIdentifier = xcode.lang.objcpp; };
		0C7D257E1D29C1B400FA7157 /* FFTProcessor.m */ = {isa = PBXFileReference; fileEncoding = 4; lastKnownFileType = sourcecode.c.objc; lineEnding = 0; path = FFTProcessor.m; sourceTree = "<group>"; xcLanguageSpecificationIdentifier = xcode.lang.objc; };
		0C7D257F1D29C1B400FA7157 /* LowPassFilter.h */ = {isa = PBXFileReference; fileEncoding = 4; lastKnownFileType = sourcecode.c.h; lineEnding = 0; path = LowPassFilter.h; sourceTree = "<group>"; xcLanguageSpecificationIdentifier = xcode.lang.objcpp; };
		0C7D25801D29C1B400FA7157 /* LowPassFilter.mm */ = {isa = PBXFileReference; fileEncoding = 4; lastKnownFileType = sourcecode.cpp.objcpp; lineEnding = 0; path = LowPassFilter.mm; sourceTree = "<group>"; xcLanguageSpecificationIdentifier = xcode.lang.objcpp; };
		0C7D25831D29C1E300FA7157 /* VisualizationViewController.swift */ = {isa = PBXFileReference; fileEncoding = 4; lastKnownFileType = sourcecode.swift; path = VisualizationViewController.swift; sourceTree = "<group>"; };
		0C7D25851D29C4BE00FA7157 /* 3DAssets.scnassets */ = {isa = PBXFileReference; lastKnownFileType = wrapper.scnassets; path = 3DAssets.scnassets; sourceTree = "<group>"; };
		0CA349651CDEE60000765A46 /* AudioAddictServer.swift */ = {isa = PBXFileReference; fileEncoding = 4; lastKnownFileType = sourcecode.swift; lineEnding = 0; path = AudioAddictServer.swift; sourceTree = "<group>"; xcLanguageSpecificationIdentifier = xcode.lang.swift; };
		0CA349671CDEE6C900765A46 /* BatchUpdate.swift */ = {isa = PBXFileReference; fileEncoding = 4; lastKnownFileType = sourcecode.swift; lineEnding = 0; path = BatchUpdate.swift; sourceTree = "<group>"; xcLanguageSpecificationIdentifier = xcode.lang.swift; };
		0CA349691CDEE6EB00765A46 /* Asset.swift */ = {isa = PBXFileReference; fileEncoding = 4; lastKnownFileType = sourcecode.swift; lineEnding = 0; path = Asset.swift; sourceTree = "<group>"; xcLanguageSpecificationIdentifier = xcode.lang.swift; };
		0CA3496B1CDF12C000765A46 /* Event.swift */ = {isa = PBXFileReference; fileEncoding = 4; lastKnownFileType = sourcecode.swift; lineEnding = 0; path = Event.swift; sourceTree = "<group>"; xcLanguageSpecificationIdentifier = xcode.lang.swift; };
		0CA3496D1CDF143300765A46 /* StreamSet.swift */ = {isa = PBXFileReference; fileEncoding = 4; lastKnownFileType = sourcecode.swift; lineEnding = 0; path = StreamSet.swift; sourceTree = "<group>"; xcLanguageSpecificationIdentifier = xcode.lang.swift; };
		0CA3496F1CDF148400765A46 /* StreamList.swift */ = {isa = PBXFileReference; fileEncoding = 4; lastKnownFileType = sourcecode.swift; lineEnding = 0; path = StreamList.swift; sourceTree = "<group>"; xcLanguageSpecificationIdentifier = xcode.lang.swift; };
		0CA349711CDF14AE00765A46 /* Stream.swift */ = {isa = PBXFileReference; fileEncoding = 4; lastKnownFileType = sourcecode.swift; lineEnding = 0; path = Stream.swift; sourceTree = "<group>"; xcLanguageSpecificationIdentifier = xcode.lang.swift; };
		0CAC95CE1D2B94560087E280 /* ZANStreamPlayer.h */ = {isa = PBXFileReference; fileEncoding = 4; lastKnownFileType = sourcecode.c.h; path = ZANStreamPlayer.h; sourceTree = "<group>"; };
		0CAC95CF1D2B94560087E280 /* ZANStreamPlayer.m */ = {isa = PBXFileReference; fileEncoding = 4; lastKnownFileType = sourcecode.c.objc; path = ZANStreamPlayer.m; sourceTree = "<group>"; };
		0CAC95D11D3300E60087E280 /* UIColorAdditions.swift */ = {isa = PBXFileReference; fileEncoding = 4; lastKnownFileType = sourcecode.swift; path = UIColorAdditions.swift; sourceTree = "<group>"; };
		0CB0BADF1EECFDF000162EB4 /* difm */ = {isa = PBXFileReference; explicitFileType = "compiled.mach-o.executable"; includeInIndex = 0; path = difm; sourceTree = BUILT_PRODUCTS_DIR; };
		0CB0BAE11EECFDF000162EB4 /* main.swift */ = {isa = PBXFileReference; lastKnownFileType = sourcecode.swift; path = main.swift; sourceTree = "<group>"; };
		0CB7A6891CE5904D004EF016 /* RemoteController.swift */ = {isa = PBXFileReference; fileEncoding = 4; lastKnownFileType = sourcecode.swift; lineEnding = 0; path = RemoteController.swift; sourceTree = "<group>"; xcLanguageSpecificationIdentifier = xcode.lang.swift; };
		0CD7B38A1CE4198300516C50 /* Theme.swift */ = {isa = PBXFileReference; fileEncoding = 4; lastKnownFileType = sourcecode.swift; lineEnding = 0; path = Theme.swift; sourceTree = "<group>"; xcLanguageSpecificationIdentifier = xcode.lang.swift; };
		0CD7B38C1CE41C1200516C50 /* EnzoOT-Bold.ttf */ = {isa = PBXFileReference; lastKnownFileType = file; path = "EnzoOT-Bold.ttf"; sourceTree = "<group>"; };
		0CD7B38D1CE41C1200516C50 /* EnzoOT-Light.ttf */ = {isa = PBXFileReference; lastKnownFileType = file; path = "EnzoOT-Light.ttf"; sourceTree = "<group>"; };
		0CD7B38E1CE41C1200516C50 /* EnzoOT-Medium.ttf */ = {isa = PBXFileReference; lastKnownFileType = file; path = "EnzoOT-Medium.ttf"; sourceTree = "<group>"; };
		0CD7B3921CE45C0B00516C50 /* di.fm-Bridging-Header.h */ = {isa = PBXFileReference; lastKnownFileType = sourcecode.c.h; path = "di.fm-Bridging-Header.h"; sourceTree = "<group>"; };
		0CD7B3931CE45C0C00516C50 /* KeychainItemWrapper.h */ = {isa = PBXFileReference; fileEncoding = 4; lastKnownFileType = sourcecode.c.h; path = KeychainItemWrapper.h; sourceTree = "<group>"; };
		0CD7B3941CE45C0C00516C50 /* KeychainItemWrapper.m */ = {isa = PBXFileReference; fileEncoding = 4; lastKnownFileType = sourcecode.c.objc; path = KeychainItemWrapper.m; sourceTree = "<group>"; };
		0CD7B3961CE45D2C00516C50 /* LoadingViewController.swift */ = {isa = PBXFileReference; fileEncoding = 4; lastKnownFileType = sourcecode.swift; lineEnding = 0; path = LoadingViewController.swift; sourceTree = "<group>"; xcLanguageSpecificationIdentifier = xcode.lang.swift; };
		0CD7B3981CE4601000516C50 /* CredentialsStore.swift */ = {isa = PBXFileReference; fileEncoding = 4; lastKnownFileType = sourcecode.swift; lineEnding = 0; path = CredentialsStore.swift; sourceTree = "<group>"; xcLanguageSpecificationIdentifier = xcode.lang.swift; };
		0CDEB6D41CDFB6C500CC208A /* NSDateAdditions.swift */ = {isa = PBXFileReference; fileEncoding = 4; lastKnownFileType = sourcecode.swift; lineEnding = 0; path = NSDateAdditions.swift; sourceTree = "<group>"; xcLanguageSpecificationIdentifier = xcode.lang.swift; };
		0CDEB6D61CDFBBC400CC208A /* ChannelFilterViewController.swift */ = {isa = PBXFileReference; fileEncoding = 4; lastKnownFileType = sourcecode.swift; lineEnding = 0; path = ChannelFilterViewController.swift; sourceTree = "<group>"; xcLanguageSpecificationIdentifier = xcode.lang.swift; };
		0CDEB6D81CDFBC9E00CC208A /* ChannelListViewController.swift */ = {isa = PBXFileReference; fileEncoding = 4; lastKnownFileType = sourcecode.swift; lineEnding = 0; path = ChannelListViewController.swift; sourceTree = "<group>"; xcLanguageSpecificationIdentifier = xcode.lang.swift; };
		0CDEB6DA1CE01DC200CC208A /* ChannelArtworkImageDataSource.swift */ = {isa = PBXFileReference; fileEncoding = 4; lastKnownFileType = sourcecode.swift; lineEnding = 0; path = ChannelArtworkImageDataSource.swift; sourceTree = "<group>"; xcLanguageSpecificationIdentifier = xcode.lang.swift; };
		0CDEB6DC1CE03D7C00CC208A /* NowPlayingViewController.swift */ = {isa = PBXFileReference; fileEncoding = 4; lastKnownFileType = sourcecode.swift; lineEnding = 0; path = NowPlayingViewController.swift; sourceTree = "<group>"; xcLanguageSpecificationIdentifier = xcode.lang.swift; };
		0CDEB6E41CE044DE00CC208A /* Localizable.strings */ = {isa = PBXFileReference; fileEncoding = 4; lastKnownFileType = text.plist.strings; path = Localizable.strings; sourceTree = "<group>"; };
		0CDEB6E81CE047A400CC208A /* AuthenticatedUser.swift */ = {isa = PBXFileReference; fileEncoding = 4; lastKnownFileType = sourcecode.swift; lineEnding = 0; path = AuthenticatedUser.swift; sourceTree = "<group>"; xcLanguageSpecificationIdentifier = xcode.lang.swift; };
		0CDEB6EA1CE04E4800CC208A /* LoginViewController.swift */ = {isa = PBXFileReference; fileEncoding = 4; lastKnownFileType = sourcecode.swift; lineEnding = 0; path = LoginViewController.swift; sourceTree = "<group>"; xcLanguageSpecificationIdentifier = xcode.lang.swift; };
		0CE19AC31D44A35B009D9FA7 /* SettingsViewController.swift */ = {isa = PBXFileReference; fileEncoding = 4; lastKnownFileType = sourcecode.swift; lineEnding = 0; path = SettingsViewController.swift; sourceTree = "<group>"; xcLanguageSpecificationIdentifier = xcode.lang.swift; };
		0CE19AC51D44C18E009D9FA7 /* Settings.swift */ = {isa = PBXFileReference; fileEncoding = 4; lastKnownFileType = sourcecode.swift; lineEnding = 0; path = Settings.swift; sourceTree = "<group>"; xcLanguageSpecificationIdentifier = xcode.lang.swift; };
/* End PBXFileReference section */

/* Begin PBXFrameworksBuildPhase section */
		0C4301E11CCFCB8200E4BEE7 /* Frameworks */ = {
			isa = PBXFrameworksBuildPhase;
			buildActionMask = 2147483647;
			files = (
			);
			runOnlyForDeploymentPostprocessing = 0;
		};
		0CB0BADC1EECFDF000162EB4 /* Frameworks */ = {
			isa = PBXFrameworksBuildPhase;
			buildActionMask = 2147483647;
			files = (
			);
			runOnlyForDeploymentPostprocessing = 0;
		};
/* End PBXFrameworksBuildPhase section */

/* Begin PBXGroup section */
		0C2AD01A1CD0795500A20EFE /* Application */ = {
			isa = PBXGroup;
			children = (
				0C2AD01B1CD0795600A20EFE /* AppDelegate.swift */,
			);
			path = Application;
			sourceTree = "<group>";
		};
		0C2AD01C1CD0795600A20EFE /* Controller */ = {
			isa = PBXGroup;
			children = (
				0CA349651CDEE60000765A46 /* AudioAddictServer.swift */,
				0CDEB6DA1CE01DC200CC208A /* ChannelArtworkImageDataSource.swift */,
				0CDEB6D61CDFBBC400CC208A /* ChannelFilterViewController.swift */,
				0CDEB6D81CDFBC9E00CC208A /* ChannelListViewController.swift */,
				0CD7B3961CE45D2C00516C50 /* LoadingViewController.swift */,
				0CDEB6EA1CE04E4800CC208A /* LoginViewController.swift */,
				0CDEB6DC1CE03D7C00CC208A /* NowPlayingViewController.swift */,
				0C2AD01D1CD0795600A20EFE /* Player.swift */,
				0CB7A6891CE5904D004EF016 /* RemoteController.swift */,
				0CE19AC31D44A35B009D9FA7 /* SettingsViewController.swift */,
				0C7D25831D29C1E300FA7157 /* VisualizationViewController.swift */,
				0CAC95CE1D2B94560087E280 /* ZANStreamPlayer.h */,
				0CAC95CF1D2B94560087E280 /* ZANStreamPlayer.m */,
			);
			path = Controller;
			sourceTree = "<group>";
		};
		0C2AD0201CD0795600A20EFE /* Model */ = {
			isa = PBXGroup;
			children = (
				0CA349691CDEE6EB00765A46 /* Asset.swift */,
				0C2AD0371CD07A1D00A20EFE /* AudioAddictURL.swift */,
				0CDEB6E81CE047A400CC208A /* AuthenticatedUser.swift */,
				0CA349671CDEE6C900765A46 /* BatchUpdate.swift */,
				0C2AD0331CD0796100A20EFE /* Channel.swift */,
				0C2AD0391CD07C9A00A20EFE /* ChannelImage.swift */,
				0C2AD0351CD0798100A20EFE /* ChannelFilter.swift */,
				0CA3496B1CDF12C000765A46 /* Event.swift */,
				0CA349711CDF14AE00765A46 /* Stream.swift */,
				0CA3496F1CDF148400765A46 /* StreamList.swift */,
				0CA3496D1CDF143300765A46 /* StreamSet.swift */,
				0CD7B38A1CE4198300516C50 /* Theme.swift */,
				0C12834B1D177C8E00EDFB79 /* Track.swift */,
			);
			path = Model;
			sourceTree = "<group>";
		};
		0C2AD0221CD0795600A20EFE /* Utility */ = {
			isa = PBXGroup;
			children = (
				0CD7B3921CE45C0B00516C50 /* di.fm-Bridging-Header.h */,
				0C7D257D1D29C1B400FA7157 /* FFTProcessor.h */,
				0C7D257E1D29C1B400FA7157 /* FFTProcessor.m */,
				0CD7B3931CE45C0C00516C50 /* KeychainItemWrapper.h */,
				0CD7B3941CE45C0C00516C50 /* KeychainItemWrapper.m */,
				0C7D257F1D29C1B400FA7157 /* LowPassFilter.h */,
				0C7D25801D29C1B400FA7157 /* LowPassFilter.mm */,
				0CD7B3981CE4601000516C50 /* CredentialsStore.swift */,
				0C2AD0231CD0795600A20EFE /* Error.swift */,
				0CDEB6D41CDFB6C500CC208A /* NSDateAdditions.swift */,
				0C2AD0241CD0795600A20EFE /* Semaphore.swift */,
				0CE19AC51D44C18E009D9FA7 /* Settings.swift */,
				0C2AD0251CD0795600A20EFE /* StandardError.swift */,
				0C2AD0261CD0795600A20EFE /* TVSupport.swift */,
				0CAC95D11D3300E60087E280 /* UIColorAdditions.swift */,
			);
			path = Utility;
			sourceTree = "<group>";
		};
		0C2AD0271CD0795600A20EFE /* View */ = {
			isa = PBXGroup;
			children = (
				0C2AD0281CD0795600A20EFE /* ChannelCollectionViewCell.swift */,
			);
			path = View;
			sourceTree = "<group>";
		};
		0C4301DB1CCFCB8200E4BEE7 = {
			isa = PBXGroup;
			children = (
				0C4301E61CCFCB8200E4BEE7 /* di.fm */,
				0C4301E51CCFCB8200E4BEE7 /* Products */,
				0C7C53101EED19DC005588D9 /* Frameworks */,
			);
			sourceTree = "<group>";
		};
		0C4301E51CCFCB8200E4BEE7 /* Products */ = {
			isa = PBXGroup;
			children = (
				0C4301E41CCFCB8200E4BEE7 /* di.fm.app */,
				0CB0BADF1EECFDF000162EB4 /* difm */,
			);
			name = Products;
			sourceTree = "<group>";
		};
		0C4301E61CCFCB8200E4BEE7 /* di.fm */ = {
			isa = PBXGroup;
			children = (
				0C4301F61CCFCBDA00E4BEE7 /* Source */,
				0C4301F71CCFCBDE00E4BEE7 /* Resources */,
				0C4301F81CCFCBE300E4BEE7 /* Supporting Files */,
			);
			path = di.fm;
			sourceTree = "<group>";
		};
		0C4301F61CCFCBDA00E4BEE7 /* Source */ = {
			isa = PBXGroup;
			children = (
				0C2AD01A1CD0795500A20EFE /* Application */,
				0CB0BAE61EECFDFD00162EB4 /* CLI */,
				0C2AD01C1CD0795600A20EFE /* Controller */,
				0C2AD0201CD0795600A20EFE /* Model */,
				0C2AD0221CD0795600A20EFE /* Utility */,
				0C2AD0271CD0795600A20EFE /* View */,
			);
			path = Source;
			sourceTree = "<group>";
		};
		0C4301F71CCFCBDE00E4BEE7 /* Resources */ = {
			isa = PBXGroup;
			children = (
				0C4301EE1CCFCB8200E4BEE7 /* Assets.xcassets */,
				0C7D25851D29C4BE00FA7157 /* 3DAssets.scnassets */,
				0CD7B38C1CE41C1200516C50 /* EnzoOT-Bold.ttf */,
				0CD7B38D1CE41C1200516C50 /* EnzoOT-Light.ttf */,
				0CD7B38E1CE41C1200516C50 /* EnzoOT-Medium.ttf */,
				0CDEB6E41CE044DE00CC208A /* Localizable.strings */,
			);
			path = Resources;
			sourceTree = "<group>";
		};
		0C4301F81CCFCBE300E4BEE7 /* Supporting Files */ = {
			isa = PBXGroup;
			children = (
				0C7C53141EED20CA005588D9 /* CLI.xcconfig */,
				0C4301F01CCFCB8200E4BEE7 /* Info.plist */,
			);
			name = "Supporting Files";
			path = SupportingFiles;
			sourceTree = "<group>";
		};
		0C7C53101EED19DC005588D9 /* Frameworks */ = {
			isa = PBXGroup;
			children = (
				0C7C53111EED19DC005588D9 /* AVFoundation.framework */,
			);
			name = Frameworks;
			sourceTree = "<group>";
		};
		0CB0BAE61EECFDFD00162EB4 /* CLI */ = {
			isa = PBXGroup;
			children = (
				0CB0BAE11EECFDF000162EB4 /* main.swift */,
			);
			path = CLI;
			sourceTree = "<group>";
		};
/* End PBXGroup section */

/* Begin PBXNativeTarget section */
		0C4301E31CCFCB8200E4BEE7 /* di.fm */ = {
			isa = PBXNativeTarget;
			buildConfigurationList = 0C4301F31CCFCB8200E4BEE7 /* Build configuration list for PBXNativeTarget "di.fm" */;
			buildPhases = (
				0C4301E01CCFCB8200E4BEE7 /* Sources */,
				0C4301E11CCFCB8200E4BEE7 /* Frameworks */,
				0C4301E21CCFCB8200E4BEE7 /* Resources */,
			);
			buildRules = (
			);
			dependencies = (
			);
			name = di.fm;
			productName = di.fm;
			productReference = 0C4301E41CCFCB8200E4BEE7 /* di.fm.app */;
			productType = "com.apple.product-type.application";
		};
		0CB0BADE1EECFDF000162EB4 /* CLI */ = {
			isa = PBXNativeTarget;
			buildConfigurationList = 0CB0BAE51EECFDF000162EB4 /* Build configuration list for PBXNativeTarget "CLI" */;
			buildPhases = (
				0CB0BADB1EECFDF000162EB4 /* Sources */,
				0CB0BADC1EECFDF000162EB4 /* Frameworks */,
				0CB0BADD1EECFDF000162EB4 /* CopyFiles */,
			);
			buildRules = (
			);
			dependencies = (
			);
			name = CLI;
			productName = "di.fm player";
			productReference = 0CB0BADF1EECFDF000162EB4 /* difm */;
			productType = "com.apple.product-type.tool";
		};
/* End PBXNativeTarget section */

/* Begin PBXProject section */
		0C4301DC1CCFCB8200E4BEE7 /* Project object */ = {
			isa = PBXProject;
			attributes = {
				LastSwiftUpdateCheck = 0830;
				LastUpgradeCheck = 0730;
				TargetAttributes = {
					0C4301E31CCFCB8200E4BEE7 = {
						CreatedOnToolsVersion = 7.3;
						DevelopmentTeam = F7W5R35V7L;
						LastSwiftMigration = 0830;
						SystemCapabilities = {
							com.apple.BackgroundModes.appletvos = {
								enabled = 1;
							};
						};
					};
					0CB0BADE1EECFDF000162EB4 = {
						CreatedOnToolsVersion = 8.3.3;
						ProvisioningStyle = Automatic;
					};
				};
			};
			buildConfigurationList = 0C4301DF1CCFCB8200E4BEE7 /* Build configuration list for PBXProject "di.fm" */;
			compatibilityVersion = "Xcode 3.2";
			developmentRegion = English;
			hasScannedForEncodings = 0;
			knownRegions = (
				en,
				Base,
			);
			mainGroup = 0C4301DB1CCFCB8200E4BEE7;
			productRefGroup = 0C4301E51CCFCB8200E4BEE7 /* Products */;
			projectDirPath = "";
			projectRoot = "";
			targets = (
				0C4301E31CCFCB8200E4BEE7 /* di.fm */,
				0CB0BADE1EECFDF000162EB4 /* CLI */,
			);
		};
/* End PBXProject section */

/* Begin PBXResourcesBuildPhase section */
		0C4301E21CCFCB8200E4BEE7 /* Resources */ = {
			isa = PBXResourcesBuildPhase;
			buildActionMask = 2147483647;
			files = (
				0CD7B3901CE41C1200516C50 /* EnzoOT-Light.ttf in Resources */,
				0C7D25861D29C4BE00FA7157 /* 3DAssets.scnassets in Resources */,
				0C4301EF1CCFCB8200E4BEE7 /* Assets.xcassets in Resources */,
				0CD7B3911CE41C1200516C50 /* EnzoOT-Medium.ttf in Resources */,
				0CDEB6E51CE044DE00CC208A /* Localizable.strings in Resources */,
				0CD7B38F1CE41C1200516C50 /* EnzoOT-Bold.ttf in Resources */,
			);
			runOnlyForDeploymentPostprocessing = 0;
		};
/* End PBXResourcesBuildPhase section */

/* Begin PBXSourcesBuildPhase section */
		0C4301E01CCFCB8200E4BEE7 /* Sources */ = {
			isa = PBXSourcesBuildPhase;
			buildActionMask = 2147483647;
			files = (
				0C2AD02A1CD0795600A20EFE /* Player.swift in Sources */,
				0C2AD0321CD0795600A20EFE /* ChannelCollectionViewCell.swift in Sources */,
				0C2AD0381CD07A1D00A20EFE /* AudioAddictURL.swift in Sources */,
				0CDEB6E91CE047A400CC208A /* AuthenticatedUser.swift in Sources */,
				0C2AD0341CD0796100A20EFE /* Channel.swift in Sources */,
				0C2AD0301CD0795600A20EFE /* StandardError.swift in Sources */,
				0CAC95D01D2B94560087E280 /* ZANStreamPlayer.m in Sources */,
				0C2AD03A1CD07C9A00A20EFE /* ChannelImage.swift in Sources */,
				0CD7B3971CE45D2C00516C50 /* LoadingViewController.swift in Sources */,
				0CA3496A1CDEE6EB00765A46 /* Asset.swift in Sources */,
				0C7D25811D29C1B400FA7157 /* FFTProcessor.m in Sources */,
				0CA3496C1CDF12C000765A46 /* Event.swift in Sources */,
				0CA349661CDEE60000765A46 /* AudioAddictServer.swift in Sources */,
				0CB7A68A1CE5904D004EF016 /* RemoteController.swift in Sources */,
				0CA349701CDF148400765A46 /* StreamList.swift in Sources */,
				0CA349681CDEE6C900765A46 /* BatchUpdate.swift in Sources */,
				0CDEB6D51CDFB6C500CC208A /* NSDateAdditions.swift in Sources */,
				0CDEB6EB1CE04E4800CC208A /* LoginViewController.swift in Sources */,
				0CE19AC61D44C18E009D9FA7 /* Settings.swift in Sources */,
				0C7D25821D29C1B400FA7157 /* LowPassFilter.mm in Sources */,
				0C2AD0311CD0795600A20EFE /* TVSupport.swift in Sources */,
				0CDEB6DB1CE01DC200CC208A /* ChannelArtworkImageDataSource.swift in Sources */,
				0CD7B3991CE4601000516C50 /* CredentialsStore.swift in Sources */,
				0C2AD0291CD0795600A20EFE /* AppDelegate.swift in Sources */,
				0CD7B3951CE45C0C00516C50 /* KeychainItemWrapper.m in Sources */,
				0CD7B38B1CE4198300516C50 /* Theme.swift in Sources */,
				0CE19AC41D44A35B009D9FA7 /* SettingsViewController.swift in Sources */,
				0C2AD0361CD0798100A20EFE /* ChannelFilter.swift in Sources */,
				0C2AD02F1CD0795600A20EFE /* Semaphore.swift in Sources */,
				0CDEB6D71CDFBBC400CC208A /* ChannelFilterViewController.swift in Sources */,
				0CA3496E1CDF143300765A46 /* StreamSet.swift in Sources */,
				0CAC95D21D3300E60087E280 /* UIColorAdditions.swift in Sources */,
				0CDEB6DD1CE03D7C00CC208A /* NowPlayingViewController.swift in Sources */,
				0C2AD02E1CD0795600A20EFE /* Error.swift in Sources */,
				0C12834C1D177C8E00EDFB79 /* Track.swift in Sources */,
				0C7D25841D29C1E300FA7157 /* VisualizationViewController.swift in Sources */,
				0CA349721CDF14AE00765A46 /* Stream.swift in Sources */,
				0CDEB6D91CDFBC9E00CC208A /* ChannelListViewController.swift in Sources */,
			);
			runOnlyForDeploymentPostprocessing = 0;
		};
		0CB0BADB1EECFDF000162EB4 /* Sources */ = {
			isa = PBXSourcesBuildPhase;
			buildActionMask = 2147483647;
			files = (
				0CB0BAF61EECFF1F00162EB4 /* LowPassFilter.mm in Sources */,
				0CB0BAF01EECFF0B00162EB4 /* StreamList.swift in Sources */,
				0CB0BAF41EECFF1F00162EB4 /* FFTProcessor.m in Sources */,
				0CB0BAE91EECFF0B00162EB4 /* AuthenticatedUser.swift in Sources */,
				0C7C530E1EED1976005588D9 /* Player.swift in Sources */,
				0CB0BAEE1EECFF0B00162EB4 /* Event.swift in Sources */,
				0CB0BAEB1EECFF0B00162EB4 /* Channel.swift in Sources */,
				0CB0BAE71EECFF0B00162EB4 /* Asset.swift in Sources */,
				0CB0BAE21EECFDF000162EB4 /* main.swift in Sources */,
				0CB0BAFC1EECFF3600162EB4 /* StandardError.swift in Sources */,
				0CB0BAEA1EECFF0B00162EB4 /* BatchUpdate.swift in Sources */,
				0C7C530D1EED1976005588D9 /* AudioAddictServer.swift in Sources */,
				0CB0BAF91EECFF3600162EB4 /* NSDateAdditions.swift in Sources */,
				0CB0BAF71EECFF3600162EB4 /* CredentialsStore.swift in Sources */,
				0CB0BAED1EECFF0B00162EB4 /* ChannelFilter.swift in Sources */,
				0CB0BAEC1EECFF0B00162EB4 /* ChannelImage.swift in Sources */,
				0CB0BAE81EECFF0B00162EB4 /* AudioAddictURL.swift in Sources */,
				0CB0BAF51EECFF1F00162EB4 /* KeychainItemWrapper.m in Sources */,
				0C7C53131EED1A7C005588D9 /* ZANStreamPlayer.m in Sources */,
				0CB0BAF11EECFF0B00162EB4 /* StreamSet.swift in Sources */,
				0CB0BAEF1EECFF0B00162EB4 /* Stream.swift in Sources */,
				0CB0BAF31EECFF0B00162EB4 /* Track.swift in Sources */,
				0C7C530F1EED1976005588D9 /* RemoteController.swift in Sources */,
				0CB0BAFA1EECFF3600162EB4 /* Semaphore.swift in Sources */,
				0CB0BAFB1EECFF3600162EB4 /* Settings.swift in Sources */,
				0CB0BAF81EECFF3600162EB4 /* Error.swift in Sources */,
			);
			runOnlyForDeploymentPostprocessing = 0;
		};
/* End PBXSourcesBuildPhase section */

/* Begin XCBuildConfiguration section */
		0C4301F11CCFCB8200E4BEE7 /* Debug */ = {
			isa = XCBuildConfiguration;
			buildSettings = {
				ALWAYS_SEARCH_USER_PATHS = NO;
				CLANG_ANALYZER_NONNULL = YES;
				CLANG_CXX_LANGUAGE_STANDARD = "gnu++0x";
				CLANG_CXX_LIBRARY = "libc++";
				CLANG_ENABLE_MODULES = YES;
				CLANG_ENABLE_OBJC_ARC = YES;
				CLANG_WARN_BOOL_CONVERSION = YES;
				CLANG_WARN_CONSTANT_CONVERSION = YES;
				CLANG_WARN_DIRECT_OBJC_ISA_USAGE = YES_ERROR;
				CLANG_WARN_EMPTY_BODY = YES;
				CLANG_WARN_ENUM_CONVERSION = YES;
				CLANG_WARN_INT_CONVERSION = YES;
				CLANG_WARN_OBJC_ROOT_CLASS = YES_ERROR;
				CLANG_WARN_UNREACHABLE_CODE = YES;
				CLANG_WARN__DUPLICATE_METHOD_MATCH = YES;
				COPY_PHASE_STRIP = NO;
				DEBUG_INFORMATION_FORMAT = dwarf;
				ENABLE_STRICT_OBJC_MSGSEND = YES;
				ENABLE_TESTABILITY = YES;
				GCC_C_LANGUAGE_STANDARD = gnu99;
				GCC_DYNAMIC_NO_PIC = NO;
				GCC_NO_COMMON_BLOCKS = YES;
				GCC_OPTIMIZATION_LEVEL = 0;
				GCC_PREPROCESSOR_DEFINITIONS = (
					"DEBUG=1",
					"$(inherited)",
				);
				GCC_WARN_64_TO_32_BIT_CONVERSION = YES;
				GCC_WARN_ABOUT_RETURN_TYPE = YES_ERROR;
				GCC_WARN_UNDECLARED_SELECTOR = YES;
				GCC_WARN_UNINITIALIZED_AUTOS = YES_AGGRESSIVE;
				GCC_WARN_UNUSED_FUNCTION = YES;
				GCC_WARN_UNUSED_VARIABLE = YES;
				MTL_ENABLE_DEBUG_INFO = YES;
				ONLY_ACTIVE_ARCH = YES;
				SDKROOT = appletvos;
				SWIFT_OPTIMIZATION_LEVEL = "-Onone";
				TARGETED_DEVICE_FAMILY = 3;
				TVOS_DEPLOYMENT_TARGET = 9.2;
			};
			name = Debug;
		};
		0C4301F21CCFCB8200E4BEE7 /* Release */ = {
			isa = XCBuildConfiguration;
			buildSettings = {
				ALWAYS_SEARCH_USER_PATHS = NO;
				CLANG_ANALYZER_NONNULL = YES;
				CLANG_CXX_LANGUAGE_STANDARD = "gnu++0x";
				CLANG_CXX_LIBRARY = "libc++";
				CLANG_ENABLE_MODULES = YES;
				CLANG_ENABLE_OBJC_ARC = YES;
				CLANG_WARN_BOOL_CONVERSION = YES;
				CLANG_WARN_CONSTANT_CONVERSION = YES;
				CLANG_WARN_DIRECT_OBJC_ISA_USAGE = YES_ERROR;
				CLANG_WARN_EMPTY_BODY = YES;
				CLANG_WARN_ENUM_CONVERSION = YES;
				CLANG_WARN_INT_CONVERSION = YES;
				CLANG_WARN_OBJC_ROOT_CLASS = YES_ERROR;
				CLANG_WARN_UNREACHABLE_CODE = YES;
				CLANG_WARN__DUPLICATE_METHOD_MATCH = YES;
				COPY_PHASE_STRIP = NO;
				DEBUG_INFORMATION_FORMAT = "dwarf-with-dsym";
				ENABLE_NS_ASSERTIONS = NO;
				ENABLE_STRICT_OBJC_MSGSEND = YES;
				GCC_C_LANGUAGE_STANDARD = gnu99;
				GCC_NO_COMMON_BLOCKS = YES;
				GCC_WARN_64_TO_32_BIT_CONVERSION = YES;
				GCC_WARN_ABOUT_RETURN_TYPE = YES_ERROR;
				GCC_WARN_UNDECLARED_SELECTOR = YES;
				GCC_WARN_UNINITIALIZED_AUTOS = YES_AGGRESSIVE;
				GCC_WARN_UNUSED_FUNCTION = YES;
				GCC_WARN_UNUSED_VARIABLE = YES;
				MTL_ENABLE_DEBUG_INFO = NO;
				SDKROOT = appletvos;
				TARGETED_DEVICE_FAMILY = 3;
				TVOS_DEPLOYMENT_TARGET = 9.2;
				VALIDATE_PRODUCT = YES;
			};
			name = Release;
		};
		0C4301F41CCFCB8200E4BEE7 /* Debug */ = {
			isa = XCBuildConfiguration;
			buildSettings = {
				ASSETCATALOG_COMPILER_APPICON_NAME = "App Icon & Top Shelf Image";
				ASSETCATALOG_COMPILER_LAUNCHIMAGE_NAME = "Brand Assets";
				CLANG_ENABLE_MODULES = YES;
				CODE_SIGN_IDENTITY = "iPhone Developer";
				"CODE_SIGN_IDENTITY[sdk=appletvos*]" = "iPhone Developer";
				DEVELOPMENT_TEAM = F7W5R35V7L;
				INFOPLIST_FILE = di.fm/SupportingFiles/Info.plist;
				LD_RUNPATH_SEARCH_PATHS = "$(inherited) @executable_path/Frameworks";
				PRODUCT_BUNDLE_IDENTIFIER = "com.zanneth.di-fm";
				PRODUCT_NAME = "$(TARGET_NAME)";
				PROVISIONING_PROFILE = "";
				SWIFT_OBJC_BRIDGING_HEADER = "di.fm/Source/Utility/di.fm-Bridging-Header.h";
				SWIFT_OPTIMIZATION_LEVEL = "-Onone";
				SWIFT_VERSION = 3.0;
			};
			name = Debug;
		};
		0C4301F51CCFCB8200E4BEE7 /* Release */ = {
			isa = XCBuildConfiguration;
			buildSettings = {
				ASSETCATALOG_COMPILER_APPICON_NAME = "App Icon & Top Shelf Image";
				ASSETCATALOG_COMPILER_LAUNCHIMAGE_NAME = "Brand Assets";
				CLANG_ENABLE_MODULES = YES;
				CODE_SIGN_IDENTITY = "iPhone Developer";
				"CODE_SIGN_IDENTITY[sdk=appletvos*]" = "iPhone Developer";
				DEVELOPMENT_TEAM = F7W5R35V7L;
				INFOPLIST_FILE = di.fm/SupportingFiles/Info.plist;
				LD_RUNPATH_SEARCH_PATHS = "$(inherited) @executable_path/Frameworks";
				PRODUCT_BUNDLE_IDENTIFIER = "com.zanneth.di-fm";
				PRODUCT_NAME = "$(TARGET_NAME)";
				PROVISIONING_PROFILE = "";
				SWIFT_OBJC_BRIDGING_HEADER = "di.fm/Source/Utility/di.fm-Bridging-Header.h";
				SWIFT_VERSION = 3.0;
			};
			name = Release;
		};
		0CB0BAE31EECFDF000162EB4 /* Debug */ = {
			isa = XCBuildConfiguration;
			baseConfigurationReference = 0C7C53141EED20CA005588D9 /* CLI.xcconfig */;
			buildSettings = {
				CLANG_ANALYZER_NUMBER_OBJECT_CONVERSION = YES_AGGRESSIVE;
				CLANG_WARN_DOCUMENTATION_COMMENTS = YES;
				CLANG_WARN_INFINITE_RECURSION = YES;
				CLANG_WARN_SUSPICIOUS_MOVE = YES;
				CODE_SIGN_IDENTITY = "-";
				MACOSX_DEPLOYMENT_TARGET = 10.12;
				PRODUCT_NAME = difm;
				SWIFT_OBJC_BRIDGING_HEADER = "di.fm/Source/Utility/di.fm-Bridging-Header.h";
				SWIFT_VERSION = 3.0;
			};
			name = Debug;
		};
		0CB0BAE41EECFDF000162EB4 /* Release */ = {
			isa = XCBuildConfiguration;
			baseConfigurationReference = 0C7C53141EED20CA005588D9 /* CLI.xcconfig */;
			buildSettings = {
				CLANG_ANALYZER_NUMBER_OBJECT_CONVERSION = YES_AGGRESSIVE;
				CLANG_WARN_DOCUMENTATION_COMMENTS = YES;
				CLANG_WARN_INFINITE_RECURSION = YES;
				CLANG_WARN_SUSPICIOUS_MOVE = YES;
				CODE_SIGN_IDENTITY = "-";
				MACOSX_DEPLOYMENT_TARGET = 10.12;
				PRODUCT_NAME = difm;
				SWIFT_OBJC_BRIDGING_HEADER = "di.fm/Source/Utility/di.fm-Bridging-Header.h";
				SWIFT_VERSION = 3.0;
			};
			name = Release;
		};
/* End XCBuildConfiguration section */

/* Begin XCConfigurationList section */
		0C4301DF1CCFCB8200E4BEE7 /* Build configuration list for PBXProject "di.fm" */ = {
			isa = XCConfigurationList;
			buildConfigurations = (
				0C4301F11CCFCB8200E4BEE7 /* Debug */,
				0C4301F21CCFCB8200E4BEE7 /* Release */,
			);
			defaultConfigurationIsVisible = 0;
			defaultConfigurationName = Release;
		};
		0C4301F31CCFCB8200E4BEE7 /* Build configuration list for PBXNativeTarget "di.fm" */ = {
			isa = XCConfigurationList;
			buildConfigurations = (
				0C4301F41CCFCB8200E4BEE7 /* Debug */,
				0C4301F51CCFCB8200E4BEE7 /* Release */,
			);
			defaultConfigurationIsVisible = 0;
			defaultConfigurationName = Release;
		};
		0CB0BAE51EECFDF000162EB4 /* Build configuration list for PBXNativeTarget "CLI" */ = {
			isa = XCConfigurationList;
			buildConfigurations = (
				0CB0BAE31EECFDF000162EB4 /* Debug */,
				0CB0BAE41EECFDF000162EB4 /* Release */,
			);
			defaultConfigurationIsVisible = 0;
			defaultConfigurationName = Release;
		};
/* End XCConfigurationList section */
	};
	rootObject = 0C4301DC1CCFCB8200E4BEE7 /* Project object */;
}
