// !$*UTF8*$!
{
	archiveVersion = 1;
	classes = {
	};
	objectVersion = 46;
	objects = {

/* Begin PBXBuildFile section */
		0C2AD0291CD0795600A20EFE /* AppDelegate.swift in Sources */ = {isa = PBXBuildFile; fileRef = 0C2AD01B1CD0795600A20EFE /* AppDelegate.swift */; };
		0C2AD02A1CD0795600A20EFE /* Player.swift in Sources */ = {isa = PBXBuildFile; fileRef = 0C2AD01D1CD0795600A20EFE /* Player.swift */; };
		0C2AD02E1CD0795600A20EFE /* NSErrorAdditions.swift in Sources */ = {isa = PBXBuildFile; fileRef = 0C2AD0231CD0795600A20EFE /* NSErrorAdditions.swift */; };
		0C2AD02F1CD0795600A20EFE /* Semaphore.swift in Sources */ = {isa = PBXBuildFile; fileRef = 0C2AD0241CD0795600A20EFE /* Semaphore.swift */; };
		0C2AD0301CD0795600A20EFE /* StandardError.swift in Sources */ = {isa = PBXBuildFile; fileRef = 0C2AD0251CD0795600A20EFE /* StandardError.swift */; };
		0C2AD0311CD0795600A20EFE /* TVSupport.swift in Sources */ = {isa = PBXBuildFile; fileRef = 0C2AD0261CD0795600A20EFE /* TVSupport.swift */; };
		0C2AD0321CD0795600A20EFE /* ChannelCollectionViewCell.swift in Sources */ = {isa = PBXBuildFile; fileRef = 0C2AD0281CD0795600A20EFE /* ChannelCollectionViewCell.swift */; };
		0C2AD0341CD0796100A20EFE /* Channel.swift in Sources */ = {isa = PBXBuildFile; fileRef = 0C2AD0331CD0796100A20EFE /* Channel.swift */; };
		0C2AD0361CD0798100A20EFE /* ChannelFilter.swift in Sources */ = {isa = PBXBuildFile; fileRef = 0C2AD0351CD0798100A20EFE /* ChannelFilter.swift */; };
		0C2AD0381CD07A1D00A20EFE /* AudioAddictURL.swift in Sources */ = {isa = PBXBuildFile; fileRef = 0C2AD0371CD07A1D00A20EFE /* AudioAddictURL.swift */; };
		0C2AD03A1CD07C9A00A20EFE /* ChannelImage.swift in Sources */ = {isa = PBXBuildFile; fileRef = 0C2AD0391CD07C9A00A20EFE /* ChannelImage.swift */; };
		0C4301EF1CCFCB8200E4BEE7 /* Assets.xcassets in Resources */ = {isa = PBXBuildFile; fileRef = 0C4301EE1CCFCB8200E4BEE7 /* Assets.xcassets */; };
		0CA349661CDEE60000765A46 /* AudioAddictServer.swift in Sources */ = {isa = PBXBuildFile; fileRef = 0CA349651CDEE60000765A46 /* AudioAddictServer.swift */; };
		0CA349681CDEE6C900765A46 /* BatchUpdate.swift in Sources */ = {isa = PBXBuildFile; fileRef = 0CA349671CDEE6C900765A46 /* BatchUpdate.swift */; };
		0CA3496A1CDEE6EB00765A46 /* Asset.swift in Sources */ = {isa = PBXBuildFile; fileRef = 0CA349691CDEE6EB00765A46 /* Asset.swift */; };
		0CA3496C1CDF12C000765A46 /* Event.swift in Sources */ = {isa = PBXBuildFile; fileRef = 0CA3496B1CDF12C000765A46 /* Event.swift */; };
		0CA3496E1CDF143300765A46 /* StreamSet.swift in Sources */ = {isa = PBXBuildFile; fileRef = 0CA3496D1CDF143300765A46 /* StreamSet.swift */; };
		0CA349701CDF148400765A46 /* StreamList.swift in Sources */ = {isa = PBXBuildFile; fileRef = 0CA3496F1CDF148400765A46 /* StreamList.swift */; };
		0CA349721CDF14AE00765A46 /* Stream.swift in Sources */ = {isa = PBXBuildFile; fileRef = 0CA349711CDF14AE00765A46 /* Stream.swift */; };
		0CDEB6D51CDFB6C500CC208A /* NSDateAdditions.swift in Sources */ = {isa = PBXBuildFile; fileRef = 0CDEB6D41CDFB6C500CC208A /* NSDateAdditions.swift */; };
		0CDEB6D71CDFBBC400CC208A /* ChannelFilterViewController.swift in Sources */ = {isa = PBXBuildFile; fileRef = 0CDEB6D61CDFBBC400CC208A /* ChannelFilterViewController.swift */; };
		0CDEB6D91CDFBC9E00CC208A /* ChannelListViewController.swift in Sources */ = {isa = PBXBuildFile; fileRef = 0CDEB6D81CDFBC9E00CC208A /* ChannelListViewController.swift */; };
		0CDEB6DB1CE01DC200CC208A /* ChannelArtworkImageDataSource.swift in Sources */ = {isa = PBXBuildFile; fileRef = 0CDEB6DA1CE01DC200CC208A /* ChannelArtworkImageDataSource.swift */; };
		0CDEB6DD1CE03D7C00CC208A /* NowPlayingViewController.swift in Sources */ = {isa = PBXBuildFile; fileRef = 0CDEB6DC1CE03D7C00CC208A /* NowPlayingViewController.swift */; };
		0CDEB6E51CE044DE00CC208A /* Localizable.strings in Resources */ = {isa = PBXBuildFile; fileRef = 0CDEB6E41CE044DE00CC208A /* Localizable.strings */; };
		0CDEB6E91CE047A400CC208A /* AuthenticatedUser.swift in Sources */ = {isa = PBXBuildFile; fileRef = 0CDEB6E81CE047A400CC208A /* AuthenticatedUser.swift */; };
		0CDEB6EB1CE04E4800CC208A /* LoginViewController.swift in Sources */ = {isa = PBXBuildFile; fileRef = 0CDEB6EA1CE04E4800CC208A /* LoginViewController.swift */; };
/* End PBXBuildFile section */

/* Begin PBXFileReference section */
		0C2AD01B1CD0795600A20EFE /* AppDelegate.swift */ = {isa = PBXFileReference; fileEncoding = 4; lastKnownFileType = sourcecode.swift; path = AppDelegate.swift; sourceTree = "<group>"; };
		0C2AD01D1CD0795600A20EFE /* Player.swift */ = {isa = PBXFileReference; fileEncoding = 4; lastKnownFileType = sourcecode.swift; path = Player.swift; sourceTree = "<group>"; };
		0C2AD0231CD0795600A20EFE /* NSErrorAdditions.swift */ = {isa = PBXFileReference; fileEncoding = 4; lastKnownFileType = sourcecode.swift; path = NSErrorAdditions.swift; sourceTree = "<group>"; };
		0C2AD0241CD0795600A20EFE /* Semaphore.swift */ = {isa = PBXFileReference; fileEncoding = 4; lastKnownFileType = sourcecode.swift; path = Semaphore.swift; sourceTree = "<group>"; };
		0C2AD0251CD0795600A20EFE /* StandardError.swift */ = {isa = PBXFileReference; fileEncoding = 4; lastKnownFileType = sourcecode.swift; path = StandardError.swift; sourceTree = "<group>"; };
		0C2AD0261CD0795600A20EFE /* TVSupport.swift */ = {isa = PBXFileReference; fileEncoding = 4; lastKnownFileType = sourcecode.swift; path = TVSupport.swift; sourceTree = "<group>"; };
		0C2AD0281CD0795600A20EFE /* ChannelCollectionViewCell.swift */ = {isa = PBXFileReference; fileEncoding = 4; lastKnownFileType = sourcecode.swift; path = ChannelCollectionViewCell.swift; sourceTree = "<group>"; };
		0C2AD0331CD0796100A20EFE /* Channel.swift */ = {isa = PBXFileReference; fileEncoding = 4; lastKnownFileType = sourcecode.swift; path = Channel.swift; sourceTree = "<group>"; };
		0C2AD0351CD0798100A20EFE /* ChannelFilter.swift */ = {isa = PBXFileReference; fileEncoding = 4; lastKnownFileType = sourcecode.swift; path = ChannelFilter.swift; sourceTree = "<group>"; };
		0C2AD0371CD07A1D00A20EFE /* AudioAddictURL.swift */ = {isa = PBXFileReference; fileEncoding = 4; lastKnownFileType = sourcecode.swift; path = AudioAddictURL.swift; sourceTree = "<group>"; };
		0C2AD0391CD07C9A00A20EFE /* ChannelImage.swift */ = {isa = PBXFileReference; fileEncoding = 4; lastKnownFileType = sourcecode.swift; path = ChannelImage.swift; sourceTree = "<group>"; };
		0C4301E41CCFCB8200E4BEE7 /* di.fm.app */ = {isa = PBXFileReference; explicitFileType = wrapper.application; includeInIndex = 0; path = di.fm.app; sourceTree = BUILT_PRODUCTS_DIR; };
		0C4301EE1CCFCB8200E4BEE7 /* Assets.xcassets */ = {isa = PBXFileReference; lastKnownFileType = folder.assetcatalog; path = Assets.xcassets; sourceTree = "<group>"; };
		0C4301F01CCFCB8200E4BEE7 /* Info.plist */ = {isa = PBXFileReference; lastKnownFileType = text.plist.xml; path = Info.plist; sourceTree = "<group>"; };
		0CA349651CDEE60000765A46 /* AudioAddictServer.swift */ = {isa = PBXFileReference; fileEncoding = 4; lastKnownFileType = sourcecode.swift; path = AudioAddictServer.swift; sourceTree = "<group>"; };
		0CA349671CDEE6C900765A46 /* BatchUpdate.swift */ = {isa = PBXFileReference; fileEncoding = 4; lastKnownFileType = sourcecode.swift; path = BatchUpdate.swift; sourceTree = "<group>"; };
		0CA349691CDEE6EB00765A46 /* Asset.swift */ = {isa = PBXFileReference; fileEncoding = 4; lastKnownFileType = sourcecode.swift; path = Asset.swift; sourceTree = "<group>"; };
		0CA3496B1CDF12C000765A46 /* Event.swift */ = {isa = PBXFileReference; fileEncoding = 4; lastKnownFileType = sourcecode.swift; path = Event.swift; sourceTree = "<group>"; };
		0CA3496D1CDF143300765A46 /* StreamSet.swift */ = {isa = PBXFileReference; fileEncoding = 4; lastKnownFileType = sourcecode.swift; path = StreamSet.swift; sourceTree = "<group>"; };
		0CA3496F1CDF148400765A46 /* StreamList.swift */ = {isa = PBXFileReference; fileEncoding = 4; lastKnownFileType = sourcecode.swift; path = StreamList.swift; sourceTree = "<group>"; };
		0CA349711CDF14AE00765A46 /* Stream.swift */ = {isa = PBXFileReference; fileEncoding = 4; lastKnownFileType = sourcecode.swift; path = Stream.swift; sourceTree = "<group>"; };
		0CDEB6D41CDFB6C500CC208A /* NSDateAdditions.swift */ = {isa = PBXFileReference; fileEncoding = 4; lastKnownFileType = sourcecode.swift; path = NSDateAdditions.swift; sourceTree = "<group>"; };
		0CDEB6D61CDFBBC400CC208A /* ChannelFilterViewController.swift */ = {isa = PBXFileReference; fileEncoding = 4; lastKnownFileType = sourcecode.swift; path = ChannelFilterViewController.swift; sourceTree = "<group>"; };
		0CDEB6D81CDFBC9E00CC208A /* ChannelListViewController.swift */ = {isa = PBXFileReference; fileEncoding = 4; lastKnownFileType = sourcecode.swift; path = ChannelListViewController.swift; sourceTree = "<group>"; };
		0CDEB6DA1CE01DC200CC208A /* ChannelArtworkImageDataSource.swift */ = {isa = PBXFileReference; fileEncoding = 4; lastKnownFileType = sourcecode.swift; path = ChannelArtworkImageDataSource.swift; sourceTree = "<group>"; };
		0CDEB6DC1CE03D7C00CC208A /* NowPlayingViewController.swift */ = {isa = PBXFileReference; fileEncoding = 4; lastKnownFileType = sourcecode.swift; path = NowPlayingViewController.swift; sourceTree = "<group>"; };
		0CDEB6E41CE044DE00CC208A /* Localizable.strings */ = {isa = PBXFileReference; fileEncoding = 4; lastKnownFileType = text.plist.strings; path = Localizable.strings; sourceTree = "<group>"; };
		0CDEB6E81CE047A400CC208A /* AuthenticatedUser.swift */ = {isa = PBXFileReference; fileEncoding = 4; lastKnownFileType = sourcecode.swift; path = AuthenticatedUser.swift; sourceTree = "<group>"; };
		0CDEB6EA1CE04E4800CC208A /* LoginViewController.swift */ = {isa = PBXFileReference; fileEncoding = 4; lastKnownFileType = sourcecode.swift; path = LoginViewController.swift; sourceTree = "<group>"; };
/* End PBXFileReference section */

/* Begin PBXFrameworksBuildPhase section */
		0C4301E11CCFCB8200E4BEE7 /* Frameworks */ = {
			isa = PBXFrameworksBuildPhase;
			buildActionMask = 2147483647;
			files = (
			);
			runOnlyForDeploymentPostprocessing = 0;
		};
/* End PBXFrameworksBuildPhase section */

/* Begin PBXGroup section */
		0C2AD01A1CD0795500A20EFE /* Application */ = {
			isa = PBXGroup;
			children = (
				0C2AD01B1CD0795600A20EFE /* AppDelegate.swift */,
			);
			path = Application;
			sourceTree = "<group>";
		};
		0C2AD01C1CD0795600A20EFE /* Controller */ = {
			isa = PBXGroup;
			children = (
				0CA349651CDEE60000765A46 /* AudioAddictServer.swift */,
				0CDEB6DA1CE01DC200CC208A /* ChannelArtworkImageDataSource.swift */,
				0CDEB6D61CDFBBC400CC208A /* ChannelFilterViewController.swift */,
				0CDEB6D81CDFBC9E00CC208A /* ChannelListViewController.swift */,
				0CDEB6EA1CE04E4800CC208A /* LoginViewController.swift */,
				0CDEB6DC1CE03D7C00CC208A /* NowPlayingViewController.swift */,
				0C2AD01D1CD0795600A20EFE /* Player.swift */,
			);
			path = Controller;
			sourceTree = "<group>";
		};
		0C2AD0201CD0795600A20EFE /* Model */ = {
			isa = PBXGroup;
			children = (
				0CA349691CDEE6EB00765A46 /* Asset.swift */,
				0C2AD0371CD07A1D00A20EFE /* AudioAddictURL.swift */,
				0CDEB6E81CE047A400CC208A /* AuthenticatedUser.swift */,
				0CA349671CDEE6C900765A46 /* BatchUpdate.swift */,
				0C2AD0331CD0796100A20EFE /* Channel.swift */,
				0C2AD0391CD07C9A00A20EFE /* ChannelImage.swift */,
				0C2AD0351CD0798100A20EFE /* ChannelFilter.swift */,
				0CA3496B1CDF12C000765A46 /* Event.swift */,
				0CA349711CDF14AE00765A46 /* Stream.swift */,
				0CA3496F1CDF148400765A46 /* StreamList.swift */,
				0CA3496D1CDF143300765A46 /* StreamSet.swift */,
			);
			path = Model;
			sourceTree = "<group>";
		};
		0C2AD0221CD0795600A20EFE /* Utility */ = {
			isa = PBXGroup;
			children = (
				0CDEB6D41CDFB6C500CC208A /* NSDateAdditions.swift */,
				0C2AD0231CD0795600A20EFE /* NSErrorAdditions.swift */,
				0C2AD0241CD0795600A20EFE /* Semaphore.swift */,
				0C2AD0251CD0795600A20EFE /* StandardError.swift */,
				0C2AD0261CD0795600A20EFE /* TVSupport.swift */,
			);
			path = Utility;
			sourceTree = "<group>";
		};
		0C2AD0271CD0795600A20EFE /* View */ = {
			isa = PBXGroup;
			children = (
				0C2AD0281CD0795600A20EFE /* ChannelCollectionViewCell.swift */,
			);
			path = View;
			sourceTree = "<group>";
		};
		0C4301DB1CCFCB8200E4BEE7 = {
			isa = PBXGroup;
			children = (
				0C4301E61CCFCB8200E4BEE7 /* di.fm */,
				0C4301E51CCFCB8200E4BEE7 /* Products */,
			);
			sourceTree = "<group>";
		};
		0C4301E51CCFCB8200E4BEE7 /* Products */ = {
			isa = PBXGroup;
			children = (
				0C4301E41CCFCB8200E4BEE7 /* di.fm.app */,
			);
			name = Products;
			sourceTree = "<group>";
		};
		0C4301E61CCFCB8200E4BEE7 /* di.fm */ = {
			isa = PBXGroup;
			children = (
				0C4301F61CCFCBDA00E4BEE7 /* Source */,
				0C4301F71CCFCBDE00E4BEE7 /* Resources */,
				0C4301F81CCFCBE300E4BEE7 /* Supporting Files */,
			);
			path = di.fm;
			sourceTree = "<group>";
		};
		0C4301F61CCFCBDA00E4BEE7 /* Source */ = {
			isa = PBXGroup;
			children = (
				0C2AD01A1CD0795500A20EFE /* Application */,
				0C2AD01C1CD0795600A20EFE /* Controller */,
				0C2AD0201CD0795600A20EFE /* Model */,
				0C2AD0221CD0795600A20EFE /* Utility */,
				0C2AD0271CD0795600A20EFE /* View */,
			);
			path = Source;
			sourceTree = "<group>";
		};
		0C4301F71CCFCBDE00E4BEE7 /* Resources */ = {
			isa = PBXGroup;
			children = (
				0CDEB6E41CE044DE00CC208A /* Localizable.strings */,
				0C4301EE1CCFCB8200E4BEE7 /* Assets.xcassets */,
			);
			path = Resources;
			sourceTree = "<group>";
		};
		0C4301F81CCFCBE300E4BEE7 /* Supporting Files */ = {
			isa = PBXGroup;
			children = (
				0C4301F01CCFCB8200E4BEE7 /* Info.plist */,
			);
			name = "Supporting Files";
			path = SupportingFiles;
			sourceTree = "<group>";
		};
/* End PBXGroup section */

/* Begin PBXNativeTarget section */
		0C4301E31CCFCB8200E4BEE7 /* di.fm */ = {
			isa = PBXNativeTarget;
			buildConfigurationList = 0C4301F31CCFCB8200E4BEE7 /* Build configuration list for PBXNativeTarget "di.fm" */;
			buildPhases = (
				0C4301E01CCFCB8200E4BEE7 /* Sources */,
				0C4301E11CCFCB8200E4BEE7 /* Frameworks */,
				0C4301E21CCFCB8200E4BEE7 /* Resources */,
			);
			buildRules = (
			);
			dependencies = (
			);
			name = di.fm;
			productName = di.fm;
			productReference = 0C4301E41CCFCB8200E4BEE7 /* di.fm.app */;
			productType = "com.apple.product-type.application";
		};
/* End PBXNativeTarget section */

/* Begin PBXProject section */
		0C4301DC1CCFCB8200E4BEE7 /* Project object */ = {
			isa = PBXProject;
			attributes = {
				LastSwiftUpdateCheck = 0730;
				LastUpgradeCheck = 0730;
				TargetAttributes = {
					0C4301E31CCFCB8200E4BEE7 = {
						CreatedOnToolsVersion = 7.3;
						SystemCapabilities = {
							com.apple.BackgroundModes.appletvos = {
								enabled = 1;
							};
						};
					};
				};
			};
			buildConfigurationList = 0C4301DF1CCFCB8200E4BEE7 /* Build configuration list for PBXProject "di.fm" */;
			compatibilityVersion = "Xcode 3.2";
			developmentRegion = English;
			hasScannedForEncodings = 0;
			knownRegions = (
				en,
				Base,
			);
			mainGroup = 0C4301DB1CCFCB8200E4BEE7;
			productRefGroup = 0C4301E51CCFCB8200E4BEE7 /* Products */;
			projectDirPath = "";
			projectRoot = "";
			targets = (
				0C4301E31CCFCB8200E4BEE7 /* di.fm */,
			);
		};
/* End PBXProject section */

/* Begin PBXResourcesBuildPhase section */
		0C4301E21CCFCB8200E4BEE7 /* Resources */ = {
			isa = PBXResourcesBuildPhase;
			buildActionMask = 2147483647;
			files = (
				0C4301EF1CCFCB8200E4BEE7 /* Assets.xcassets in Resources */,
				0CDEB6E51CE044DE00CC208A /* Localizable.strings in Resources */,
			);
			runOnlyForDeploymentPostprocessing = 0;
		};
/* End PBXResourcesBuildPhase section */

/* Begin PBXSourcesBuildPhase section */
		0C4301E01CCFCB8200E4BEE7 /* Sources */ = {
			isa = PBXSourcesBuildPhase;
			buildActionMask = 2147483647;
			files = (
				0C2AD02A1CD0795600A20EFE /* Player.swift in Sources */,
				0C2AD0321CD0795600A20EFE /* ChannelCollectionViewCell.swift in Sources */,
				0C2AD0381CD07A1D00A20EFE /* AudioAddictURL.swift in Sources */,
				0CDEB6E91CE047A400CC208A /* AuthenticatedUser.swift in Sources */,
				0C2AD0341CD0796100A20EFE /* Channel.swift in Sources */,
				0C2AD0301CD0795600A20EFE /* StandardError.swift in Sources */,
				0C2AD03A1CD07C9A00A20EFE /* ChannelImage.swift in Sources */,
				0CA3496A1CDEE6EB00765A46 /* Asset.swift in Sources */,
				0CA3496C1CDF12C000765A46 /* Event.swift in Sources */,
				0CA349661CDEE60000765A46 /* AudioAddictServer.swift in Sources */,
				0CA349701CDF148400765A46 /* StreamList.swift in Sources */,
				0CA349681CDEE6C900765A46 /* BatchUpdate.swift in Sources */,
				0CDEB6D51CDFB6C500CC208A /* NSDateAdditions.swift in Sources */,
				0CDEB6EB1CE04E4800CC208A /* LoginViewController.swift in Sources */,
				0C2AD0311CD0795600A20EFE /* TVSupport.swift in Sources */,
				0CDEB6DB1CE01DC200CC208A /* ChannelArtworkImageDataSource.swift in Sources */,
				0C2AD0291CD0795600A20EFE /* AppDelegate.swift in Sources */,
				0C2AD0361CD0798100A20EFE /* ChannelFilter.swift in Sources */,
				0C2AD02F1CD0795600A20EFE /* Semaphore.swift in Sources */,
				0CDEB6D71CDFBBC400CC208A /* ChannelFilterViewController.swift in Sources */,
				0CA3496E1CDF143300765A46 /* StreamSet.swift in Sources */,
				0CDEB6DD1CE03D7C00CC208A /* NowPlayingViewController.swift in Sources */,
				0C2AD02E1CD0795600A20EFE /* NSErrorAdditions.swift in Sources */,
				0CA349721CDF14AE00765A46 /* Stream.swift in Sources */,
				0CDEB6D91CDFBC9E00CC208A /* ChannelListViewController.swift in Sources */,
			);
			runOnlyForDeploymentPostprocessing = 0;
		};
/* End PBXSourcesBuildPhase section */

/* Begin XCBuildConfiguration section */
		0C4301F11CCFCB8200E4BEE7 /* Debug */ = {
			isa = XCBuildConfiguration;
			buildSettings = {
				ALWAYS_SEARCH_USER_PATHS = NO;
				CLANG_ANALYZER_NONNULL = YES;
				CLANG_CXX_LANGUAGE_STANDARD = "gnu++0x";
				CLANG_CXX_LIBRARY = "libc++";
				CLANG_ENABLE_MODULES = YES;
				CLANG_ENABLE_OBJC_ARC = YES;
				CLANG_WARN_BOOL_CONVERSION = YES;
				CLANG_WARN_CONSTANT_CONVERSION = YES;
				CLANG_WARN_DIRECT_OBJC_ISA_USAGE = YES_ERROR;
				CLANG_WARN_EMPTY_BODY = YES;
				CLANG_WARN_ENUM_CONVERSION = YES;
				CLANG_WARN_INT_CONVERSION = YES;
				CLANG_WARN_OBJC_ROOT_CLASS = YES_ERROR;
				CLANG_WARN_UNREACHABLE_CODE = YES;
				CLANG_WARN__DUPLICATE_METHOD_MATCH = YES;
				COPY_PHASE_STRIP = NO;
				DEBUG_INFORMATION_FORMAT = dwarf;
				ENABLE_STRICT_OBJC_MSGSEND = YES;
				ENABLE_TESTABILITY = YES;
				GCC_C_LANGUAGE_STANDARD = gnu99;
				GCC_DYNAMIC_NO_PIC = NO;
				GCC_NO_COMMON_BLOCKS = YES;
				GCC_OPTIMIZATION_LEVEL = 0;
				GCC_PREPROCESSOR_DEFINITIONS = (
					"DEBUG=1",
					"$(inherited)",
				);
				GCC_WARN_64_TO_32_BIT_CONVERSION = YES;
				GCC_WARN_ABOUT_RETURN_TYPE = YES_ERROR;
				GCC_WARN_UNDECLARED_SELECTOR = YES;
				GCC_WARN_UNINITIALIZED_AUTOS = YES_AGGRESSIVE;
				GCC_WARN_UNUSED_FUNCTION = YES;
				GCC_WARN_UNUSED_VARIABLE = YES;
				MTL_ENABLE_DEBUG_INFO = YES;
				ONLY_ACTIVE_ARCH = YES;
				SDKROOT = appletvos;
				SWIFT_OPTIMIZATION_LEVEL = "-Onone";
				TARGETED_DEVICE_FAMILY = 3;
				TVOS_DEPLOYMENT_TARGET = 9.2;
			};
			name = Debug;
		};
		0C4301F21CCFCB8200E4BEE7 /* Release */ = {
			isa = XCBuildConfiguration;
			buildSettings = {
				ALWAYS_SEARCH_USER_PATHS = NO;
				CLANG_ANALYZER_NONNULL = YES;
				CLANG_CXX_LANGUAGE_STANDARD = "gnu++0x";
				CLANG_CXX_LIBRARY = "libc++";
				CLANG_ENABLE_MODULES = YES;
				CLANG_ENABLE_OBJC_ARC = YES;
				CLANG_WARN_BOOL_CONVERSION = YES;
				CLANG_WARN_CONSTANT_CONVERSION = YES;
				CLANG_WARN_DIRECT_OBJC_ISA_USAGE = YES_ERROR;
				CLANG_WARN_EMPTY_BODY = YES;
				CLANG_WARN_ENUM_CONVERSION = YES;
				CLANG_WARN_INT_CONVERSION = YES;
				CLANG_WARN_OBJC_ROOT_CLASS = YES_ERROR;
				CLANG_WARN_UNREACHABLE_CODE = YES;
				CLANG_WARN__DUPLICATE_METHOD_MATCH = YES;
				COPY_PHASE_STRIP = NO;
				DEBUG_INFORMATION_FORMAT = "dwarf-with-dsym";
				ENABLE_NS_ASSERTIONS = NO;
				ENABLE_STRICT_OBJC_MSGSEND = YES;
				GCC_C_LANGUAGE_STANDARD = gnu99;
				GCC_NO_COMMON_BLOCKS = YES;
				GCC_WARN_64_TO_32_BIT_CONVERSION = YES;
				GCC_WARN_ABOUT_RETURN_TYPE = YES_ERROR;
				GCC_WARN_UNDECLARED_SELECTOR = YES;
				GCC_WARN_UNINITIALIZED_AUTOS = YES_AGGRESSIVE;
				GCC_WARN_UNUSED_FUNCTION = YES;
				GCC_WARN_UNUSED_VARIABLE = YES;
				MTL_ENABLE_DEBUG_INFO = NO;
				SDKROOT = appletvos;
				TARGETED_DEVICE_FAMILY = 3;
				TVOS_DEPLOYMENT_TARGET = 9.2;
				VALIDATE_PRODUCT = YES;
			};
			name = Release;
		};
		0C4301F41CCFCB8200E4BEE7 /* Debug */ = {
			isa = XCBuildConfiguration;
			buildSettings = {
				ASSETCATALOG_COMPILER_APPICON_NAME = "App Icon & Top Shelf Image";
				ASSETCATALOG_COMPILER_LAUNCHIMAGE_NAME = LaunchImage;
				INFOPLIST_FILE = di.fm/SupportingFiles/Info.plist;
				LD_RUNPATH_SEARCH_PATHS = "$(inherited) @executable_path/Frameworks";
				PRODUCT_BUNDLE_IDENTIFIER = "com.zanneth.di-fm";
				PRODUCT_NAME = "$(TARGET_NAME)";
			};
			name = Debug;
		};
		0C4301F51CCFCB8200E4BEE7 /* Release */ = {
			isa = XCBuildConfiguration;
			buildSettings = {
				ASSETCATALOG_COMPILER_APPICON_NAME = "App Icon & Top Shelf Image";
				ASSETCATALOG_COMPILER_LAUNCHIMAGE_NAME = LaunchImage;
				INFOPLIST_FILE = di.fm/SupportingFiles/Info.plist;
				LD_RUNPATH_SEARCH_PATHS = "$(inherited) @executable_path/Frameworks";
				PRODUCT_BUNDLE_IDENTIFIER = "com.zanneth.di-fm";
				PRODUCT_NAME = "$(TARGET_NAME)";
			};
			name = Release;
		};
/* End XCBuildConfiguration section */

/* Begin XCConfigurationList section */
		0C4301DF1CCFCB8200E4BEE7 /* Build configuration list for PBXProject "di.fm" */ = {
			isa = XCConfigurationList;
			buildConfigurations = (
				0C4301F11CCFCB8200E4BEE7 /* Debug */,
				0C4301F21CCFCB8200E4BEE7 /* Release */,
			);
			defaultConfigurationIsVisible = 0;
			defaultConfigurationName = Release;
		};
		0C4301F31CCFCB8200E4BEE7 /* Build configuration list for PBXNativeTarget "di.fm" */ = {
			isa = XCConfigurationList;
			buildConfigurations = (
				0C4301F41CCFCB8200E4BEE7 /* Debug */,
				0C4301F51CCFCB8200E4BEE7 /* Release */,
			);
			defaultConfigurationIsVisible = 0;
			defaultConfigurationName = Release;
		};
/* End XCConfigurationList section */
	};
	rootObject = 0C4301DC1CCFCB8200E4BEE7 /* Project object */;
}
